
Microsoft Visual Studio Solution File, Format Version 12.00
# Visual Studio 14
VisualStudioVersion = 14.0.25420.1
MinimumVisualStudioVersion = 10.0.40219.1
Project("{FAE04EC0-301F-11D3-BF4B-00C04F79EFBC}") = "Analyzer1", "Analyzer1\Analyzer1\Analyzer1.csproj", "{A5CE853B-4652-48C8-A7FD-1AADDED51A5E}"
EndProject
Project("{FAE04EC0-301F-11D3-BF4B-00C04F79EFBC}") = "Analyzer1.Test", "Analyzer1\Analyzer1.Test\Analyzer1.Test.csproj", "{CE5C6BFD-40B8-4847-91C2-2B6087B74E70}"
EndProject
Project("{FAE04EC0-301F-11D3-BF4B-00C04F79EFBC}") = "Analyzer1.Vsix", "Analyzer1\Analyzer1.Vsix\Analyzer1.Vsix.csproj", "{0AA3C85E-B4E1-4A09-A567-55A1AE8B7FEB}"
EndProject
Global
	GlobalSection(SolutionConfigurationPlatforms) = preSolution
		Debug|Any CPU = Debug|Any CPU
		Release|Any CPU = Release|Any CPU
	EndGlobalSection
	GlobalSection(ProjectConfigurationPlatforms) = postSolution
		{A5CE853B-4652-48C8-A7FD-1AADDED51A5E}.Debug|Any CPU.ActiveCfg = Debug|Any CPU
		{A5CE853B-4652-48C8-A7FD-1AADDED51A5E}.Debug|Any CPU.Build.0 = Debug|Any CPU
		{A5CE853B-4652-48C8-A7FD-1AADDED51A5E}.Release|Any CPU.ActiveCfg = Release|Any CPU
		{A5CE853B-4652-48C8-A7FD-1AADDED51A5E}.Release|Any CPU.Build.0 = Release|Any CPU
		{CE5C6BFD-40B8-4847-91C2-2B6087B74E70}.Debug|Any CPU.ActiveCfg = Debug|Any CPU
		{CE5C6BFD-40B8-4847-91C2-2B6087B74E70}.Debug|Any CPU.Build.0 = Debug|Any CPU
		{CE5C6BFD-40B8-4847-91C2-2B6087B74E70}.Release|Any CPU.ActiveCfg = Release|Any CPU
		{CE5C6BFD-40B8-4847-91C2-2B6087B74E70}.Release|Any CPU.Build.0 = Release|Any CPU
		{0AA3C85E-B4E1-4A09-A567-55A1AE8B7FEB}.Debug|Any CPU.ActiveCfg = Debug|Any CPU
		{0AA3C85E-B4E1-4A09-A567-55A1AE8B7FEB}.Debug|Any CPU.Build.0 = Debug|Any CPU
		{0AA3C85E-B4E1-4A09-A567-55A1AE8B7FEB}.Release|Any CPU.ActiveCfg = Release|Any CPU
		{0AA3C85E-B4E1-4A09-A567-55A1AE8B7FEB}.Release|Any CPU.Build.0 = Release|Any CPU
	EndGlobalSection
	GlobalSection(SolutionProperties) = preSolution
		HideSolutionNode = FALSE
	EndGlobalSection
EndGlobal
